{
  "name": "@goldix.org/logger-console",
  "version": "0.0.4",
  "lockfileVersion": 1,
  "requires": true,
  "dependencies": {
    "@goldix.org/logger-proxy": {
      "version": "0.0.1",
      "resolved": "https://registry.npmjs.org/@goldix.org/logger-proxy/-/logger-proxy-0.0.1.tgz",
      "integrity": "sha512-7eQOkhNPBviy9TwDCCYquU9DyzNxKsRI7vWRJ6JBRSa/vKqvuAAamLjORVbluqsrrok7c2ZrWVXDNXLv/KwsHw=="
    }
  }
}
